
Microsoft Visual Studio Solution File, Format Version 12.00
# Visual Studio Version 17
VisualStudioVersion = 17.4.33103.184
MinimumVisualStudioVersion = 10.0.40219.1
Project("{9A19103F-16F7-4668-BE54-9A1E7A4F7556}") = "webapiuyg", "webapiuyg\webapiuyg.csproj", "{C3FC759D-7AFB-4D2D-8366-29EFEFED02A6}"
EndProject
Project("{FAE04EC0-301F-11D3-BF4B-00C04F79EFBC}") = "webmvcclientuyg", "webmvcclientuyg\webmvcclientuyg.csproj", "{72CD51B3-B989-49E4-8737-74C6F09F92FD}"
EndProject
Global
	GlobalSection(SolutionConfigurationPlatforms) = preSolution
		Debug|Any CPU = Debug|Any CPU
		Release|Any CPU = Release|Any CPU
	EndGlobalSection
	GlobalSection(ProjectConfigurationPlatforms) = postSolution
		{C3FC759D-7AFB-4D2D-8366-29EFEFED02A6}.Debug|Any CPU.ActiveCfg = Debug|Any CPU
		{C3FC759D-7AFB-4D2D-8366-29EFEFED02A6}.Debug|Any CPU.Build.0 = Debug|Any CPU
		{C3FC759D-7AFB-4D2D-8366-29EFEFED02A6}.Release|Any CPU.ActiveCfg = Release|Any CPU
		{C3FC759D-7AFB-4D2D-8366-29EFEFED02A6}.Release|Any CPU.Build.0 = Release|Any CPU
		{72CD51B3-B989-49E4-8737-74C6F09F92FD}.Debug|Any CPU.ActiveCfg = Debug|Any CPU
		{72CD51B3-B989-49E4-8737-74C6F09F92FD}.Debug|Any CPU.Build.0 = Debug|Any CPU
		{72CD51B3-B989-49E4-8737-74C6F09F92FD}.Release|Any CPU.ActiveCfg = Release|Any CPU
		{72CD51B3-B989-49E4-8737-74C6F09F92FD}.Release|Any CPU.Build.0 = Release|Any CPU
	EndGlobalSection
	GlobalSection(SolutionProperties) = preSolution
		HideSolutionNode = FALSE
	EndGlobalSection
	GlobalSection(ExtensibilityGlobals) = postSolution
		SolutionGuid = {1522327F-AB40-423B-9E90-930035E5887F}
	EndGlobalSection
EndGlobal
